
Microsoft Visual Studio Solution File, Format Version 12.00
# Visual Studio Version 17
VisualStudioVersion = 17.14.37111.16 d17.14
MinimumVisualStudioVersion = 10.0.40219.1
Project("{FAE04EC0-301F-11D3-BF4B-00C04F79EFBC}") = "Clasestp", "Clasestp\Clasestp.csproj", "{748F93BF-8F32-44B7-BA8D-B006201299C6}"
EndProject
Global
	GlobalSection(SolutionConfigurationPlatforms) = preSolution
		Debug|Any CPU = Debug|Any CPU
		Release|Any CPU = Release|Any CPU
	EndGlobalSection
	GlobalSection(ProjectConfigurationPlatforms) = postSolution
		{748F93BF-8F32-44B7-BA8D-B006201299C6}.Debug|Any CPU.ActiveCfg = Debug|Any CPU
		{748F93BF-8F32-44B7-BA8D-B006201299C6}.Debug|Any CPU.Build.0 = Debug|Any CPU
		{748F93BF-8F32-44B7-BA8D-B006201299C6}.Release|Any CPU.ActiveCfg = Release|Any CPU
		{748F93BF-8F32-44B7-BA8D-B006201299C6}.Release|Any CPU.Build.0 = Release|Any CPU
	EndGlobalSection
	GlobalSection(SolutionProperties) = preSolution
		HideSolutionNode = FALSE
	EndGlobalSection
	GlobalSection(ExtensibilityGlobals) = postSolution
		SolutionGuid = {E8EBCB2C-F27D-45F8-A9C3-FF9A75F166F1}
	EndGlobalSection
EndGlobal
